// !$*UTF8*$!
{
	archiveVersion = 1;
	classes = {
	};
	objectVersion = 46;
	objects = {

/* Begin PBXBuildFile section */
		538AD2571FA6A73700F19D84 /* AppDelegate.swift in Sources */ = {isa = PBXBuildFile; fileRef = 538AD2561FA6A73700F19D84 /* AppDelegate.swift */; };
		538AD25C1FA6A73700F19D84 /* Main.storyboard in Resources */ = {isa = PBXBuildFile; fileRef = 538AD25A1FA6A73700F19D84 /* Main.storyboard */; };
		538AD25E1FA6A73700F19D84 /* Assets.xcassets in Resources */ = {isa = PBXBuildFile; fileRef = 538AD25D1FA6A73700F19D84 /* Assets.xcassets */; };
		538AD2611FA6A73700F19D84 /* LaunchScreen.storyboard in Resources */ = {isa = PBXBuildFile; fileRef = 538AD25F1FA6A73700F19D84 /* LaunchScreen.storyboard */; };
		538AD26C1FA6A73700F19D84 /* ZagakuAppiOSTests.swift in Sources */ = {isa = PBXBuildFile; fileRef = 538AD26B1FA6A73700F19D84 /* ZagakuAppiOSTests.swift */; };
		538AD2771FA6A73700F19D84 /* ZagakuAppiOSUITests.swift in Sources */ = {isa = PBXBuildFile; fileRef = 538AD2761FA6A73700F19D84 /* ZagakuAppiOSUITests.swift */; };
		538AD2851FA6A75000F19D84 /* gCalData.plist in Resources */ = {isa = PBXBuildFile; fileRef = 538AD2841FA6A75000F19D84 /* gCalData.plist */; };
		538AD2871FA6A7E600F19D84 /* CalendarViewController.swift in Sources */ = {isa = PBXBuildFile; fileRef = 538AD2861FA6A7E600F19D84 /* CalendarViewController.swift */; };
		538AD2891FA6A84200F19D84 /* DateTimeUtilities.swift in Sources */ = {isa = PBXBuildFile; fileRef = 538AD2881FA6A84200F19D84 /* DateTimeUtilities.swift */; };
		538AD28B1FA6A95A00F19D84 /* TestDateTimeUtilities.swift in Sources */ = {isa = PBXBuildFile; fileRef = 538AD28A1FA6A95A00F19D84 /* TestDateTimeUtilities.swift */; };
		53A0FA191FA6D24A00BB4F66 /* CalendarViewControllerTest.swift in Sources */ = {isa = PBXBuildFile; fileRef = 53A0FA181FA6D24A00BB4F66 /* CalendarViewControllerTest.swift */; };
/* End PBXBuildFile section */

/* Begin PBXContainerItemProxy section */
		538AD2681FA6A73700F19D84 /* PBXContainerItemProxy */ = {
			isa = PBXContainerItemProxy;
			containerPortal = 538AD24B1FA6A73700F19D84 /* Project object */;
			proxyType = 1;
			remoteGlobalIDString = 538AD2521FA6A73700F19D84;
			remoteInfo = ZagakuAppiOS;
		};
		538AD2731FA6A73700F19D84 /* PBXContainerItemProxy */ = {
			isa = PBXContainerItemProxy;
			containerPortal = 538AD24B1FA6A73700F19D84 /* Project object */;
			proxyType = 1;
			remoteGlobalIDString = 538AD2521FA6A73700F19D84;
			remoteInfo = ZagakuAppiOS;
		};
/* End PBXContainerItemProxy section */

/* Begin PBXFileReference section */
		538AD2531FA6A73700F19D84 /* ZagakuAppiOS.app */ = {isa = PBXFileReference; explicitFileType = wrapper.application; includeInIndex = 0; path = ZagakuAppiOS.app; sourceTree = BUILT_PRODUCTS_DIR; };
		538AD2561FA6A73700F19D84 /* AppDelegate.swift */ = {isa = PBXFileReference; lastKnownFileType = sourcecode.swift; path = AppDelegate.swift; sourceTree = "<group>"; };
		538AD25B1FA6A73700F19D84 /* Base */ = {isa = PBXFileReference; lastKnownFileType = file.storyboard; name = Base; path = Base.lproj/Main.storyboard; sourceTree = "<group>"; };
		538AD25D1FA6A73700F19D84 /* Assets.xcassets */ = {isa = PBXFileReference; lastKnownFileType = folder.assetcatalog; path = Assets.xcassets; sourceTree = "<group>"; };
		538AD2601FA6A73700F19D84 /* Base */ = {isa = PBXFileReference; lastKnownFileType = file.storyboard; name = Base; path = Base.lproj/LaunchScreen.storyboard; sourceTree = "<group>"; };
		538AD2621FA6A73700F19D84 /* Info.plist */ = {isa = PBXFileReference; lastKnownFileType = text.plist.xml; path = Info.plist; sourceTree = "<group>"; };
		538AD2671FA6A73700F19D84 /* ZagakuAppiOSTests.xctest */ = {isa = PBXFileReference; explicitFileType = wrapper.cfbundle; includeInIndex = 0; path = ZagakuAppiOSTests.xctest; sourceTree = BUILT_PRODUCTS_DIR; };
		538AD26B1FA6A73700F19D84 /* ZagakuAppiOSTests.swift */ = {isa = PBXFileReference; lastKnownFileType = sourcecode.swift; path = ZagakuAppiOSTests.swift; sourceTree = "<group>"; };
		538AD26D1FA6A73700F19D84 /* Info.plist */ = {isa = PBXFileReference; lastKnownFileType = text.plist.xml; path = Info.plist; sourceTree = "<group>"; };
		538AD2721FA6A73700F19D84 /* ZagakuAppiOSUITests.xctest */ = {isa = PBXFileReference; explicitFileType = wrapper.cfbundle; includeInIndex = 0; path = ZagakuAppiOSUITests.xctest; sourceTree = BUILT_PRODUCTS_DIR; };
		538AD2761FA6A73700F19D84 /* ZagakuAppiOSUITests.swift */ = {isa = PBXFileReference; lastKnownFileType = sourcecode.swift; path = ZagakuAppiOSUITests.swift; sourceTree = "<group>"; };
		538AD2781FA6A73700F19D84 /* Info.plist */ = {isa = PBXFileReference; lastKnownFileType = text.plist.xml; path = Info.plist; sourceTree = "<group>"; };
		538AD2841FA6A75000F19D84 /* gCalData.plist */ = {isa = PBXFileReference; fileEncoding = 4; lastKnownFileType = text.plist.xml; path = gCalData.plist; sourceTree = "<group>"; };
		538AD2861FA6A7E600F19D84 /* CalendarViewController.swift */ = {isa = PBXFileReference; fileEncoding = 4; lastKnownFileType = sourcecode.swift; name = CalendarViewController.swift; path = ../CalendarViewController.swift; sourceTree = "<group>"; };
		538AD2881FA6A84200F19D84 /* DateTimeUtilities.swift */ = {isa = PBXFileReference; fileEncoding = 4; lastKnownFileType = sourcecode.swift; path = DateTimeUtilities.swift; sourceTree = "<group>"; };
		538AD28A1FA6A95A00F19D84 /* TestDateTimeUtilities.swift */ = {isa = PBXFileReference; fileEncoding = 4; lastKnownFileType = sourcecode.swift; path = TestDateTimeUtilities.swift; sourceTree = "<group>"; };
		53A0FA181FA6D24A00BB4F66 /* CalendarViewControllerTest.swift */ = {isa = PBXFileReference; fileEncoding = 4; lastKnownFileType = sourcecode.swift; path = CalendarViewControllerTest.swift; sourceTree = "<group>"; };
/* End PBXFileReference section */

/* Begin PBXFrameworksBuildPhase section */
		538AD2501FA6A73700F19D84 /* Frameworks */ = {
			isa = PBXFrameworksBuildPhase;
			buildActionMask = 2147483647;
			files = (
			);
			runOnlyForDeploymentPostprocessing = 0;
		};
		538AD2641FA6A73700F19D84 /* Frameworks */ = {
			isa = PBXFrameworksBuildPhase;
			buildActionMask = 2147483647;
			files = (
			);
			runOnlyForDeploymentPostprocessing = 0;
		};
		538AD26F1FA6A73700F19D84 /* Frameworks */ = {
			isa = PBXFrameworksBuildPhase;
			buildActionMask = 2147483647;
			files = (
			);
			runOnlyForDeploymentPostprocessing = 0;
		};
/* End PBXFrameworksBuildPhase section */

/* Begin PBXGroup section */
		538AD24A1FA6A73700F19D84 = {
			isa = PBXGroup;
			children = (
				538AD2551FA6A73700F19D84 /* ZagakuAppiOS */,
				538AD26A1FA6A73700F19D84 /* ZagakuAppiOSTests */,
				538AD2751FA6A73700F19D84 /* ZagakuAppiOSUITests */,
				538AD2541FA6A73700F19D84 /* Products */,
			);
			sourceTree = "<group>";
		};
		538AD2541FA6A73700F19D84 /* Products */ = {
			isa = PBXGroup;
			children = (
				538AD2531FA6A73700F19D84 /* ZagakuAppiOS.app */,
				538AD2671FA6A73700F19D84 /* ZagakuAppiOSTests.xctest */,
				538AD2721FA6A73700F19D84 /* ZagakuAppiOSUITests.xctest */,
			);
			name = Products;
			sourceTree = "<group>";
		};
		538AD2551FA6A73700F19D84 /* ZagakuAppiOS */ = {
			isa = PBXGroup;
			children = (
				538AD2841FA6A75000F19D84 /* gCalData.plist */,
				538AD2561FA6A73700F19D84 /* AppDelegate.swift */,
				538AD2861FA6A7E600F19D84 /* CalendarViewController.swift */,
				538AD25A1FA6A73700F19D84 /* Main.storyboard */,
				538AD25D1FA6A73700F19D84 /* Assets.xcassets */,
				538AD25F1FA6A73700F19D84 /* LaunchScreen.storyboard */,
				538AD2621FA6A73700F19D84 /* Info.plist */,
				538AD2881FA6A84200F19D84 /* DateTimeUtilities.swift */,
			);
			path = ZagakuAppiOS;
			sourceTree = "<group>";
		};
		538AD26A1FA6A73700F19D84 /* ZagakuAppiOSTests */ = {
			isa = PBXGroup;
			children = (
				53A0FA181FA6D24A00BB4F66 /* CalendarViewControllerTest.swift */,
				538AD26B1FA6A73700F19D84 /* ZagakuAppiOSTests.swift */,
				538AD26D1FA6A73700F19D84 /* Info.plist */,
				538AD28A1FA6A95A00F19D84 /* TestDateTimeUtilities.swift */,
			);
			path = ZagakuAppiOSTests;
			sourceTree = "<group>";
		};
		538AD2751FA6A73700F19D84 /* ZagakuAppiOSUITests */ = {
			isa = PBXGroup;
			children = (
				538AD2761FA6A73700F19D84 /* ZagakuAppiOSUITests.swift */,
				538AD2781FA6A73700F19D84 /* Info.plist */,
			);
			path = ZagakuAppiOSUITests;
			sourceTree = "<group>";
		};
/* End PBXGroup section */

/* Begin PBXNativeTarget section */
		538AD2521FA6A73700F19D84 /* ZagakuAppiOS */ = {
			isa = PBXNativeTarget;
			buildConfigurationList = 538AD27B1FA6A73700F19D84 /* Build configuration list for PBXNativeTarget "ZagakuAppiOS" */;
			buildPhases = (
				538AD24F1FA6A73700F19D84 /* Sources */,
				538AD2501FA6A73700F19D84 /* Frameworks */,
				538AD2511FA6A73700F19D84 /* Resources */,
			);
			buildRules = (
			);
			dependencies = (
			);
			name = ZagakuAppiOS;
			productName = ZagakuAppiOS;
			productReference = 538AD2531FA6A73700F19D84 /* ZagakuAppiOS.app */;
			productType = "com.apple.product-type.application";
		};
		538AD2661FA6A73700F19D84 /* ZagakuAppiOSTests */ = {
			isa = PBXNativeTarget;
			buildConfigurationList = 538AD27E1FA6A73700F19D84 /* Build configuration list for PBXNativeTarget "ZagakuAppiOSTests" */;
			buildPhases = (
				538AD2631FA6A73700F19D84 /* Sources */,
				538AD2641FA6A73700F19D84 /* Frameworks */,
				538AD2651FA6A73700F19D84 /* Resources */,
			);
			buildRules = (
			);
			dependencies = (
				538AD2691FA6A73700F19D84 /* PBXTargetDependency */,
			);
			name = ZagakuAppiOSTests;
			productName = ZagakuAppiOSTests;
			productReference = 538AD2671FA6A73700F19D84 /* ZagakuAppiOSTests.xctest */;
			productType = "com.apple.product-type.bundle.unit-test";
		};
		538AD2711FA6A73700F19D84 /* ZagakuAppiOSUITests */ = {
			isa = PBXNativeTarget;
			buildConfigurationList = 538AD2811FA6A73700F19D84 /* Build configuration list for PBXNativeTarget "ZagakuAppiOSUITests" */;
			buildPhases = (
				538AD26E1FA6A73700F19D84 /* Sources */,
				538AD26F1FA6A73700F19D84 /* Frameworks */,
				538AD2701FA6A73700F19D84 /* Resources */,
			);
			buildRules = (
			);
			dependencies = (
				538AD2741FA6A73700F19D84 /* PBXTargetDependency */,
			);
			name = ZagakuAppiOSUITests;
			productName = ZagakuAppiOSUITests;
			productReference = 538AD2721FA6A73700F19D84 /* ZagakuAppiOSUITests.xctest */;
			productType = "com.apple.product-type.bundle.ui-testing";
		};
/* End PBXNativeTarget section */

/* Begin PBXProject section */
		538AD24B1FA6A73700F19D84 /* Project object */ = {
			isa = PBXProject;
			attributes = {
				LastSwiftUpdateCheck = 0830;
				LastUpgradeCheck = 0830;
				ORGANIZATIONNAME = "Kyle Annen";
				TargetAttributes = {
					538AD2521FA6A73700F19D84 = {
						CreatedOnToolsVersion = 8.3.3;
						ProvisioningStyle = Automatic;
					};
					538AD2661FA6A73700F19D84 = {
						CreatedOnToolsVersion = 8.3.3;
						ProvisioningStyle = Automatic;
						TestTargetID = 538AD2521FA6A73700F19D84;
					};
					538AD2711FA6A73700F19D84 = {
						CreatedOnToolsVersion = 8.3.3;
						ProvisioningStyle = Automatic;
						TestTargetID = 538AD2521FA6A73700F19D84;
					};
				};
			};
			buildConfigurationList = 538AD24E1FA6A73700F19D84 /* Build configuration list for PBXProject "ZagakuAppiOS" */;
			compatibilityVersion = "Xcode 3.2";
			developmentRegion = English;
			hasScannedForEncodings = 0;
			knownRegions = (
				en,
				Base,
			);
			mainGroup = 538AD24A1FA6A73700F19D84;
			productRefGroup = 538AD2541FA6A73700F19D84 /* Products */;
			projectDirPath = "";
			projectRoot = "";
			targets = (
				538AD2521FA6A73700F19D84 /* ZagakuAppiOS */,
				538AD2661FA6A73700F19D84 /* ZagakuAppiOSTests */,
				538AD2711FA6A73700F19D84 /* ZagakuAppiOSUITests */,
			);
		};
/* End PBXProject section */

/* Begin PBXResourcesBuildPhase section */
		538AD2511FA6A73700F19D84 /* Resources */ = {
			isa = PBXResourcesBuildPhase;
			buildActionMask = 2147483647;
			files = (
				538AD2611FA6A73700F19D84 /* LaunchScreen.storyboard in Resources */,
				538AD2851FA6A75000F19D84 /* gCalData.plist in Resources */,
				538AD25E1FA6A73700F19D84 /* Assets.xcassets in Resources */,
				538AD25C1FA6A73700F19D84 /* Main.storyboard in Resources */,
			);
			runOnlyForDeploymentPostprocessing = 0;
		};
		538AD2651FA6A73700F19D84 /* Resources */ = {
			isa = PBXResourcesBuildPhase;
			buildActionMask = 2147483647;
			files = (
			);
			runOnlyForDeploymentPostprocessing = 0;
		};
		538AD2701FA6A73700F19D84 /* Resources */ = {
			isa = PBXResourcesBuildPhase;
			buildActionMask = 2147483647;
			files = (
			);
			runOnlyForDeploymentPostprocessing = 0;
		};
/* End PBXResourcesBuildPhase section */

/* Begin PBXSourcesBuildPhase section */
		538AD24F1FA6A73700F19D84 /* Sources */ = {
			isa = PBXSourcesBuildPhase;
			buildActionMask = 2147483647;
			files = (
				538AD2871FA6A7E600F19D84 /* CalendarViewController.swift in Sources */,
				538AD2571FA6A73700F19D84 /* AppDelegate.swift in Sources */,
				538AD2891FA6A84200F19D84 /* DateTimeUtilities.swift in Sources */,
			);
			runOnlyForDeploymentPostprocessing = 0;
		};
		538AD2631FA6A73700F19D84 /* Sources */ = {
			isa = PBXSourcesBuildPhase;
			buildActionMask = 2147483647;
			files = (
				53A0FA191FA6D24A00BB4F66 /* CalendarViewControllerTest.swift in Sources */,
				538AD26C1FA6A73700F19D84 /* ZagakuAppiOSTests.swift in Sources */,
				538AD28B1FA6A95A00F19D84 /* TestDateTimeUtilities.swift in Sources */,
			);
			runOnlyForDeploymentPostprocessing = 0;
		};
		538AD26E1FA6A73700F19D84 /* Sources */ = {
			isa = PBXSourcesBuildPhase;
			buildActionMask = 2147483647;
			files = (
				538AD2771FA6A73700F19D84 /* ZagakuAppiOSUITests.swift in Sources */,
			);
			runOnlyForDeploymentPostprocessing = 0;
		};
/* End PBXSourcesBuildPhase section */

/* Begin PBXTargetDependency section */
		538AD2691FA6A73700F19D84 /* PBXTargetDependency */ = {
			isa = PBXTargetDependency;
			target = 538AD2521FA6A73700F19D84 /* ZagakuAppiOS */;
			targetProxy = 538AD2681FA6A73700F19D84 /* PBXContainerItemProxy */;
		};
		538AD2741FA6A73700F19D84 /* PBXTargetDependency */ = {
			isa = PBXTargetDependency;
			target = 538AD2521FA6A73700F19D84 /* ZagakuAppiOS */;
			targetProxy = 538AD2731FA6A73700F19D84 /* PBXContainerItemProxy */;
		};
/* End PBXTargetDependency section */

/* Begin PBXVariantGroup section */
		538AD25A1FA6A73700F19D84 /* Main.storyboard */ = {
			isa = PBXVariantGroup;
			children = (
				538AD25B1FA6A73700F19D84 /* Base */,
			);
			name = Main.storyboard;
			sourceTree = "<group>";
		};
		538AD25F1FA6A73700F19D84 /* LaunchScreen.storyboard */ = {
			isa = PBXVariantGroup;
			children = (
				538AD2601FA6A73700F19D84 /* Base */,
			);
			name = LaunchScreen.storyboard;
			sourceTree = "<group>";
		};
/* End PBXVariantGroup section */

/* Begin XCBuildConfiguration section */
		538AD2791FA6A73700F19D84 /* Debug */ = {
			isa = XCBuildConfiguration;
			buildSettings = {
				ALWAYS_SEARCH_USER_PATHS = NO;
				CLANG_ANALYZER_NONNULL = YES;
				CLANG_ANALYZER_NUMBER_OBJECT_CONVERSION = YES_AGGRESSIVE;
				CLANG_CXX_LANGUAGE_STANDARD = "gnu++0x";
				CLANG_CXX_LIBRARY = "libc++";
				CLANG_ENABLE_MODULES = YES;
				CLANG_ENABLE_OBJC_ARC = YES;
				CLANG_WARN_BOOL_CONVERSION = YES;
				CLANG_WARN_CONSTANT_CONVERSION = YES;
				CLANG_WARN_DIRECT_OBJC_ISA_USAGE = YES_ERROR;
				CLANG_WARN_DOCUMENTATION_COMMENTS = YES;
				CLANG_WARN_EMPTY_BODY = YES;
				CLANG_WARN_ENUM_CONVERSION = YES;
				CLANG_WARN_INFINITE_RECURSION = YES;
				CLANG_WARN_INT_CONVERSION = YES;
				CLANG_WARN_OBJC_ROOT_CLASS = YES_ERROR;
				CLANG_WARN_SUSPICIOUS_MOVE = YES;
				CLANG_WARN_UNREACHABLE_CODE = YES;
				CLANG_WARN__DUPLICATE_METHOD_MATCH = YES;
				"CODE_SIGN_IDENTITY[sdk=iphoneos*]" = "iPhone Developer";
				COPY_PHASE_STRIP = NO;
				DEBUG_INFORMATION_FORMAT = dwarf;
				ENABLE_STRICT_OBJC_MSGSEND = YES;
				ENABLE_TESTABILITY = YES;
				GCC_C_LANGUAGE_STANDARD = gnu99;
				GCC_DYNAMIC_NO_PIC = NO;
				GCC_NO_COMMON_BLOCKS = YES;
				GCC_OPTIMIZATION_LEVEL = 0;
				GCC_PREPROCESSOR_DEFINITIONS = (
					"DEBUG=1",
					"$(inherited)",
				);
				GCC_WARN_64_TO_32_BIT_CONVERSION = YES;
				GCC_WARN_ABOUT_RETURN_TYPE = YES_ERROR;
				GCC_WARN_UNDECLARED_SELECTOR = YES;
				GCC_WARN_UNINITIALIZED_AUTOS = YES_AGGRESSIVE;
				GCC_WARN_UNUSED_FUNCTION = YES;
				GCC_WARN_UNUSED_VARIABLE = YES;
				IPHONEOS_DEPLOYMENT_TARGET = 10.3;
				MTL_ENABLE_DEBUG_INFO = YES;
				ONLY_ACTIVE_ARCH = YES;
				SDKROOT = iphoneos;
				SWIFT_ACTIVE_COMPILATION_CONDITIONS = DEBUG;
				SWIFT_OPTIMIZATION_LEVEL = "-Onone";
			};
			name = Debug;
		};
		538AD27A1FA6A73700F19D84 /* Release */ = {
			isa = XCBuildConfiguration;
			buildSettings = {
				ALWAYS_SEARCH_USER_PATHS = NO;
				CLANG_ANALYZER_NONNULL = YES;
				CLANG_ANALYZER_NUMBER_OBJECT_CONVERSION = YES_AGGRESSIVE;
				CLANG_CXX_LANGUAGE_STANDARD = "gnu++0x";
				CLANG_CXX_LIBRARY = "libc++";
				CLANG_ENABLE_MODULES = YES;
				CLANG_ENABLE_OBJC_ARC = YES;
				CLANG_WARN_BOOL_CONVERSION = YES;
				CLANG_WARN_CONSTANT_CONVERSION = YES;
				CLANG_WARN_DIRECT_OBJC_ISA_USAGE = YES_ERROR;
				CLANG_WARN_DOCUMENTATION_COMMENTS = YES;
				CLANG_WARN_EMPTY_BODY = YES;
				CLANG_WARN_ENUM_CONVERSION = YES;
				CLANG_WARN_INFINITE_RECURSION = YES;
				CLANG_WARN_INT_CONVERSION = YES;
				CLANG_WARN_OBJC_ROOT_CLASS = YES_ERROR;
				CLANG_WARN_SUSPICIOUS_MOVE = YES;
				CLANG_WARN_UNREACHABLE_CODE = YES;
				CLANG_WARN__DUPLICATE_METHOD_MATCH = YES;
				"CODE_SIGN_IDENTITY[sdk=iphoneos*]" = "iPhone Developer";
				COPY_PHASE_STRIP = NO;
				DEBUG_INFORMATION_FORMAT = "dwarf-with-dsym";
				ENABLE_NS_ASSERTIONS = NO;
				ENABLE_STRICT_OBJC_MSGSEND = YES;
				GCC_C_LANGUAGE_STANDARD = gnu99;
				GCC_NO_COMMON_BLOCKS = YES;
				GCC_WARN_64_TO_32_BIT_CONVERSION = YES;
				GCC_WARN_ABOUT_RETURN_TYPE = YES_ERROR;
				GCC_WARN_UNDECLARED_SELECTOR = YES;
				GCC_WARN_UNINITIALIZED_AUTOS = YES_AGGRESSIVE;
				GCC_WARN_UNUSED_FUNCTION = YES;
				GCC_WARN_UNUSED_VARIABLE = YES;
				IPHONEOS_DEPLOYMENT_TARGET = 10.3;
				MTL_ENABLE_DEBUG_INFO = NO;
				SDKROOT = iphoneos;
				SWIFT_OPTIMIZATION_LEVEL = "-Owholemodule";
				VALIDATE_PRODUCT = YES;
			};
			name = Release;
		};
		538AD27C1FA6A73700F19D84 /* Debug */ = {
			isa = XCBuildConfiguration;
			buildSettings = {
				ASSETCATALOG_COMPILER_APPICON_NAME = AppIcon;
				INFOPLIST_FILE = ZagakuAppiOS/Info.plist;
				LD_RUNPATH_SEARCH_PATHS = "$(inherited) @executable_path/Frameworks";
				PRODUCT_BUNDLE_IDENTIFIER = com.github.kyleannen.ZagakuAppiOS;
				PRODUCT_NAME = "$(TARGET_NAME)";
				SWIFT_VERSION = 3.0;
			};
			name = Debug;
		};
		538AD27D1FA6A73700F19D84 /* Release */ = {
			isa = XCBuildConfiguration;
			buildSettings = {
				ASSETCATALOG_COMPILER_APPICON_NAME = AppIcon;
				INFOPLIST_FILE = ZagakuAppiOS/Info.plist;
				LD_RUNPATH_SEARCH_PATHS = "$(inherited) @executable_path/Frameworks";
				PRODUCT_BUNDLE_IDENTIFIER = com.github.kyleannen.ZagakuAppiOS;
				PRODUCT_NAME = "$(TARGET_NAME)";
				SWIFT_VERSION = 3.0;
			};
			name = Release;
		};
		538AD27F1FA6A73700F19D84 /* Debug */ = {
			isa = XCBuildConfiguration;
			buildSettings = {
				ALWAYS_EMBED_SWIFT_STANDARD_LIBRARIES = YES;
				BUNDLE_LOADER = "$(TEST_HOST)";
				INFOPLIST_FILE = ZagakuAppiOSTests/Info.plist;
				LD_RUNPATH_SEARCH_PATHS = "$(inherited) @executable_path/Frameworks @loader_path/Frameworks";
				PRODUCT_BUNDLE_IDENTIFIER = com.github.kyleannen.ZagakuAppiOSTests;
				PRODUCT_NAME = "$(TARGET_NAME)";
				SWIFT_VERSION = 3.0;
				TEST_HOST = "$(BUILT_PRODUCTS_DIR)/ZagakuAppiOS.app/ZagakuAppiOS";
			};
			name = Debug;
		};
		538AD2801FA6A73700F19D84 /* Release */ = {
			isa = XCBuildConfiguration;
			buildSettings = {
				ALWAYS_EMBED_SWIFT_STANDARD_LIBRARIES = YES;
				BUNDLE_LOADER = "$(TEST_HOST)";
				INFOPLIST_FILE = ZagakuAppiOSTests/Info.plist;
				LD_RUNPATH_SEARCH_PATHS = "$(inherited) @executable_path/Frameworks @loader_path/Frameworks";
				PRODUCT_BUNDLE_IDENTIFIER = com.github.kyleannen.ZagakuAppiOSTests;
				PRODUCT_NAME = "$(TARGET_NAME)";
				SWIFT_VERSION = 3.0;
				TEST_HOST = "$(BUILT_PRODUCTS_DIR)/ZagakuAppiOS.app/ZagakuAppiOS";
			};
			name = Release;
		};
		538AD2821FA6A73700F19D84 /* Debug */ = {
			isa = XCBuildConfiguration;
			buildSettings = {
				ALWAYS_EMBED_SWIFT_STANDARD_LIBRARIES = YES;
				INFOPLIST_FILE = ZagakuAppiOSUITests/Info.plist;
				LD_RUNPATH_SEARCH_PATHS = "$(inherited) @executable_path/Frameworks @loader_path/Frameworks";
				PRODUCT_BUNDLE_IDENTIFIER = com.github.kyleannen.ZagakuAppiOSUITests;
				PRODUCT_NAME = "$(TARGET_NAME)";
				SWIFT_VERSION = 3.0;
				TEST_TARGET_NAME = ZagakuAppiOS;
			};
			name = Debug;
		};
		538AD2831FA6A73700F19D84 /* Release */ = {
			isa = XCBuildConfiguration;
			buildSettings = {
				ALWAYS_EMBED_SWIFT_STANDARD_LIBRARIES = YES;
				INFOPLIST_FILE = ZagakuAppiOSUITests/Info.plist;
				LD_RUNPATH_SEARCH_PATHS = "$(inherited) @executable_path/Frameworks @loader_path/Frameworks";
				PRODUCT_BUNDLE_IDENTIFIER = com.github.kyleannen.ZagakuAppiOSUITests;
				PRODUCT_NAME = "$(TARGET_NAME)";
				SWIFT_VERSION = 3.0;
				TEST_TARGET_NAME = ZagakuAppiOS;
			};
			name = Release;
		};
/* End XCBuildConfiguration section */

/* Begin XCConfigurationList section */
		538AD24E1FA6A73700F19D84 /* Build configuration list for PBXProject "ZagakuAppiOS" */ = {
			isa = XCConfigurationList;
			buildConfigurations = (
				538AD2791FA6A73700F19D84 /* Debug */,
				538AD27A1FA6A73700F19D84 /* Release */,
			);
			defaultConfigurationIsVisible = 0;
			defaultConfigurationName = Release;
		};
		538AD27B1FA6A73700F19D84 /* Build configuration list for PBXNativeTarget "ZagakuAppiOS" */ = {
			isa = XCConfigurationList;
			buildConfigurations = (
				538AD27C1FA6A73700F19D84 /* Debug */,
				538AD27D1FA6A73700F19D84 /* Release */,
			);
			defaultConfigurationIsVisible = 0;
			defaultConfigurationName = Release;
		};
		538AD27E1FA6A73700F19D84 /* Build configuration list for PBXNativeTarget "ZagakuAppiOSTests" */ = {
			isa = XCConfigurationList;
			buildConfigurations = (
				538AD27F1FA6A73700F19D84 /* Debug */,
				538AD2801FA6A73700F19D84 /* Release */,
			);
			defaultConfigurationIsVisible = 0;
			defaultConfigurationName = Release;
		};
		538AD2811FA6A73700F19D84 /* Build configuration list for PBXNativeTarget "ZagakuAppiOSUITests" */ = {
			isa = XCConfigurationList;
			buildConfigurations = (
				538AD2821FA6A73700F19D84 /* Debug */,
				538AD2831FA6A73700F19D84 /* Release */,
			);
			defaultConfigurationIsVisible = 0;
			defaultConfigurationName = Release;
		};
/* End XCConfigurationList section */
	};
	rootObject = 538AD24B1FA6A73700F19D84 /* Project object */;
}
